{
  "name": "webflow-scroll",
  "lockfileVersion": 3,
  "requires": true,
  "packages": {
    "": {
      "dependencies": {
        "gsap": "npm:@gsap/simply@^3.12.5"
      }
    },
    "node_modules/gsap": {
      "name": "@gsap/simply",
      "version": "3.12.5",
      "resolved": "https://npm.greensock.com/@gsap%2fsimply/-/simply-3.12.5.tgz",
      "integrity": "sha512-4dxOwlPKL2noQ4r3dey3jAF1TXPp+83YSor71GykQpS60L+ykBkNBqDw4U1uMsZljQD1VsBqc8Vacq0VA0QXsA==",
      "license": "This package should only be used by individuals/companies with an active Club GSAP membership. See https://gsap.com/pricing/. Licensing: https://gsap.com/licensing/"
    }
  }
}
